
Microsoft Visual Studio Solution File, Format Version 12.00
# Visual Studio 15
VisualStudioVersion = 15.0.27004.2005
MinimumVisualStudioVersion = 10.0.40219.1
Project("{FAE04EC0-301F-11D3-BF4B-00C04F79EFBC}") = "OOD2", "OOD2\OOD2.csproj", "{6C7810E8-9579-4C5E-8B42-ADD106EF7BD6}"
EndProject
Global
	GlobalSection(SolutionConfigurationPlatforms) = preSolution
		Debug|Any CPU = Debug|Any CPU
		Release|Any CPU = Release|Any CPU
	EndGlobalSection
	GlobalSection(ProjectConfigurationPlatforms) = postSolution
		{6C7810E8-9579-4C5E-8B42-ADD106EF7BD6}.Debug|Any CPU.ActiveCfg = Debug|Any CPU
		{6C7810E8-9579-4C5E-8B42-ADD106EF7BD6}.Debug|Any CPU.Build.0 = Debug|Any CPU
		{6C7810E8-9579-4C5E-8B42-ADD106EF7BD6}.Release|Any CPU.ActiveCfg = Release|Any CPU
		{6C7810E8-9579-4C5E-8B42-ADD106EF7BD6}.Release|Any CPU.Build.0 = Release|Any CPU
	EndGlobalSection
	GlobalSection(SolutionProperties) = preSolution
		HideSolutionNode = FALSE
	EndGlobalSection
	GlobalSection(ExtensibilityGlobals) = postSolution
		SolutionGuid = {4F943B94-D2CA-41C1-A7D4-F95191E2A80E}
	EndGlobalSection
EndGlobal
